# This file is automatically @generated by Cargo.
# It is not intended for manual editing.
[[package]]
name = "bytecodec"
version = "0.4.15"
source = "registry+https://github.com/rust-lang/crates.io-index"
checksum = "adf4c9d0bbf32eea58d7c0f812058138ee8edaf0f2802b6d03561b504729a325"
dependencies = [
 "byteorder",
 "trackable 0.2.24",
]

[[package]]
name = "byteorder"
version = "1.4.3"
source = "registry+https://github.com/rust-lang/crates.io-index"
checksum = "14c189c53d098945499cdfa7ecc63567cf3886b3332b312a5b4585d8d3a6a610"

[[package]]
name = "httpcodec"
version = "0.2.3"
source = "registry+https://github.com/rust-lang/crates.io-index"
checksum = "9f49d64351430cabd543943b79d48aaf0bc95a41d9ccf5b8774c2cfd23422775"
dependencies = [
 "bytecodec",
 "trackable 0.2.24",
]

[[package]]
name = "libc"
version = "0.2.98"
source = "registry+https://github.com/rust-lang/crates.io-index"
checksum = "320cfe77175da3a483efed4bc0adc1968ca050b098ce4f2f1c13a56626128790"

[[package]]
name = "proc-macro2"
version = "1.0.28"
source = "registry+https://github.com/rust-lang/crates.io-index"
checksum = "5c7ed8b8c7b886ea3ed7dde405212185f423ab44682667c8c6dd14aa1d9f6612"
dependencies = [
 "unicode-xid",
]

[[package]]
name = "quote"
version = "1.0.9"
source = "registry+https://github.com/rust-lang/crates.io-index"
checksum = "c3d0b9745dc2debf507c8422de05d7226cc1f0644216dfdfead988f9b1ab32a7"
dependencies = [
 "proc-macro2",
]

[[package]]
name = "syn"
version = "1.0.74"
source = "registry+https://github.com/rust-lang/crates.io-index"
checksum = "1873d832550d4588c3dbc20f01361ab00bfe741048f71e3fecf145a7cc18b29c"
dependencies = [
 "proc-macro2",
 "quote",
 "unicode-xid",
]

[[package]]
name = "trackable"
version = "0.2.24"
source = "registry+https://github.com/rust-lang/crates.io-index"
checksum = "b98abb9e7300b9ac902cc04920945a874c1973e08c310627cc4458c04b70dd32"
dependencies = [
 "trackable 1.2.0",
 "trackable_derive",
]

[[package]]
name = "trackable"
version = "1.2.0"
source = "registry+https://github.com/rust-lang/crates.io-index"
checksum = "017e2a1a93718e4e8386d037cfb8add78f1d690467f4350fb582f55af1203167"
dependencies = [
 "trackable_derive",
]

[[package]]
name = "trackable_derive"
version = "1.0.0"
source = "registry+https://github.com/rust-lang/crates.io-index"
checksum = "ebeb235c5847e2f82cfe0f07eb971d1e5f6804b18dac2ae16349cc604380f82f"
dependencies = [
 "quote",
 "syn",
]

[[package]]
name = "unicode-xid"
version = "0.2.2"
source = "registry+https://github.com/rust-lang/crates.io-index"
checksum = "8ccb82d61f80a663efe1f787a51b16b5a51e3314d6ac365b08639f52387b33f3"

[[package]]
name = "wasmedge_http"
version = "0.1.0"
dependencies = [
 "bytecodec",
 "httpcodec",
 "wasmedge_wasi_socket",
]

[[package]]
name = "wasmedge_wasi_socket"
version = "0.1.0"
source = "git+https://github.com/second-state/wasmedge_wasi_socket?branch=main#84e27972035d9ba7dd9fafc319d8c9056d11b204"
dependencies = [
 "libc",
]
